# @generated by Move, please check-in and do not edit manually.

[move]
version = 0
manifest_digest = "0663B22A65865051BA932F8D164FF135D26D82771A4E09332F75C3AF20462308"
deps_digest = "F8BBB0CCB2491CA29A3DF03D6F92277A4F3574266507ACD77214D37ECA3F3082"

dependencies = [
  { name = "Sui" },
]

[[move.package]]
name = "MoveStdlib"
source = { git = "https://github.com/MystenLabs/sui.git", rev = "framework/testnet", subdir = "crates/sui-framework/packages/move-stdlib" }

[[move.package]]
name = "Sui"
source = { git = "https://github.com/MystenLabs/sui.git", rev = "framework/testnet", subdir = "crates/sui-framework/packages/sui-framework" }

dependencies = [
  { name = "MoveStdlib" },
]

[move.toolchain-version]
compiler-version = "1.27.0"
edition = "2024.alpha"
flavor = "sui"

[env]

[env.devnet]
chain-id = "0ca470f0"
original-published-id = "0x741a85539271ab220cf02c5df065e389e13d50f453689088a496719e4b982e64"
latest-published-id = "0x741a85539271ab220cf02c5df065e389e13d50f453689088a496719e4b982e64"
published-version = "1"
