[move]
version = 0
manifest_digest = "AC00337BFFFC25662C310B4E94E69B5A1F8C31C4D9DFBDFDB30315F739DE64B9"
deps_digest = "F8BBB0CCB2491CA29A3DF03D6F92277A4F3574266507ACD77214D37ECA3F3082"

dependencies = [
  { name = "Sui" },
]

[[move.package]]
name = "MoveStdlib"
source = { git = "https://github.com/MystenLabs/sui.git", rev = "framework/testnet", subdir = "crates/sui-framework/packages/move-stdlib" }

[[move.package]]
name = "Sui"
source = { git = "https://github.com/MystenLabs/sui.git", rev = "framework/testnet", subdir = "crates/sui-framework/packages/sui-framework" }

dependencies = [
  { name = "MoveStdlib" },
]

[move.toolchain-version]
compiler-version = "1.33.2"
edition = "2024.alpha"
flavor = "sui"

[env]

[env.testnet]
chain-id = "4c78adac"
original-published-id = "0x2a6996eb17172ab0983f18da7f5d5baeea298a34e0e28d2cd3c01bcb2c27923e"
latest-published-id = "0x2a6996eb17172ab0983f18da7f5d5baeea298a34e0e28d2cd3c01bcb2c27923e"
published-version = "1"
