[move]
version = 3
manifest_digest = "C07A9466E29A44190ED67787C5165924C97AD4ADDBDD36AD1D545AB7D93E6856"
deps_digest = "F8BBB0CCB2491CA29A3DF03D6F92277A4F3574266507ACD77214D37ECA3F3082"

dependencies = [
  { id = "Sui", name = "Sui" },
]

[[move.package]]
id = "MoveStdlib"
source = { git = "https://github.com/MystenLabs/sui.git", rev = "framework/testnet", subdir = "crates/sui-framework/packages/move-stdlib" }

[[move.package]]
id = "Sui"
source = { git = "https://github.com/MystenLabs/sui.git", rev = "framework/testnet", subdir = "crates/sui-framework/packages/sui-framework" }

dependencies = [
  { id = "MoveStdlib", name = "MoveStdlib" },
]

[move.toolchain-version]
compiler-version = "1.37.1"
edition = "2024.alpha"
flavor = "sui"

[env]

[env.testnet]
chain-id = "4c78adac"
original-published-id = "0x6e3942cb4c45401013b177ead1e9ef901ff50cac7876be85e0fdb629dfb85d99"
latest-published-id = "0x382779753be58696f71f05f97c692b557e6a6fab30e6f588a5f16af8d150780b"
published-version = "3"
