# @generated by Move, please check-in and do not edit manually.

[move]
version = 2
manifest_digest = "F804756A44941CFF06666B889276CDB9C70D5F40FC30A6A89F8893B4FC97742B"
deps_digest = "3C4103934B1E040BB6B23F1D610B4EF9F2F1166A50A104EADCF77467C004C600"
dependencies = [
  { name = "Sui" },
  { name = "xcall" },
]

[[move.package]]
name = "MoveStdlib"
source = { git = "https://github.com/MystenLabs/sui.git", rev = "framework/testnet", subdir = "crates/sui-framework/packages/move-stdlib" }

[[move.package]]
name = "Sui"
source = { git = "https://github.com/MystenLabs/sui.git", rev = "framework/testnet", subdir = "crates/sui-framework/packages/sui-framework" }

dependencies = [
  { name = "MoveStdlib" },
]

[[move.package]]
name = "sui_rlp"
source = { local = "../libs/sui_rlp" }

dependencies = [
  { name = "Sui" },
]

[[move.package]]
name = "xcall"
source = { local = "../xcall" }

dependencies = [
  { name = "Sui" },
  { name = "sui_rlp" },
]

[move.toolchain-version]
compiler-version = "1.23.1"
edition = "2024.beta"
flavor = "sui"
