# @generated by Move, please check-in and do not edit manually.

[move]
version = 2
manifest_digest = "21E81E673F20301CA05AB61BB8D16BE536D40D02C6F8E62987634453774206FC"
deps_digest = "3C4103934B1E040BB6B23F1D610B4EF9F2F1166A50A104EADCF77467C004C600"
dependencies = [
  { name = "Sui" },
  { name = "xcall" },
]

[[move.package]]
name = "MoveStdlib"
source = { git = "https://github.com/MystenLabs/sui.git", rev = "framework/testnet", subdir = "crates/sui-framework/packages/move-stdlib" }

[[move.package]]
name = "Sui"
source = { git = "https://github.com/MystenLabs/sui.git", rev = "framework/testnet", subdir = "crates/sui-framework/packages/sui-framework" }

dependencies = [
  { name = "MoveStdlib" },
]

[[move.package]]
name = "sui_rlp"
source = { local = "../libs/sui_rlp" }

dependencies = [
  { name = "Sui" },
]

[[move.package]]
name = "xcall"
source = { local = "../xcall" }

dependencies = [
  { name = "Sui" },
  { name = "sui_rlp" },
]

[move.toolchain-version]
compiler-version = "1.25.1"
edition = "2024.beta"
flavor = "sui"

[env]

[env.testnet]
chain-id = "4c78adac"
original-published-id = "0x7545f1a2cd73437e731b73b718ebbf13c440880fb811dbdef53a76b8586ccb8f"
latest-published-id = "0x7545f1a2cd73437e731b73b718ebbf13c440880fb811dbdef53a76b8586ccb8f"
published-version = "1"
