# @generated by Move, please check-in and do not edit manually.

[move]
version = 0
manifest_digest = "FC695334648B2D90E72AE20AA924725F9BF44A6CFE2FD05A222822451A044FD2"
deps_digest = "3C4103934B1E040BB6B23F1D610B4EF9F2F1166A50A104EADCF77467C004C600"

dependencies = [
  { name = "Sui" },
  { name = "sui_rlp" },
]

[[move.package]]
name = "MoveStdlib"
source = { git = "https://github.com/MystenLabs/sui.git", rev = "framework/testnet", subdir = "crates/sui-framework/packages/move-stdlib" }

[[move.package]]
name = "Sui"
source = { git = "https://github.com/MystenLabs/sui.git", rev = "framework/testnet", subdir = "crates/sui-framework/packages/sui-framework" }

dependencies = [
  { name = "MoveStdlib" },
]

[[move.package]]
name = "sui_rlp"
source = { local = "../libs/sui_rlp" }

dependencies = [
  { name = "Sui" },
]

[move.toolchain-version]
compiler-version = "1.26.1"
edition = "2024.alpha"
flavor = "sui"

[env]

[env.testnet]
chain-id = "4c78adac"
original-published-id = "0xba481bcd34c4c236b1ccda9d8cb549f03a80260d794285f2b2a6798170d8375d"
latest-published-id = "0xba481bcd34c4c236b1ccda9d8cb549f03a80260d794285f2b2a6798170d8375d"
published-version = "1"
