# @generated by Move, please check-in and do not edit manually.

[move]
version = 0
manifest_digest = "7C0EE476C0A026BB4A0AD47A3A7047E6F339DEFB27B6FEC6D4F690FF71F5AD71"
deps_digest = "3C4103934B1E040BB6B23F1D610B4EF9F2F1166A50A104EADCF77467C004C600"

dependencies = [
  { name = "Sui" },
  { name = "sui_rlp" },
]

[[move.package]]
name = "MoveStdlib"
source = { git = "https://github.com/MystenLabs/sui.git", rev = "framework/mainnet", subdir = "crates/sui-framework/packages/move-stdlib" }

[[move.package]]
name = "Sui"
source = { git = "https://github.com/MystenLabs/sui.git", rev = "framework/mainnet", subdir = "crates/sui-framework/packages/sui-framework" }

dependencies = [
  { name = "MoveStdlib" },
]

[[move.package]]
name = "sui_rlp"
source = { local = "../libs/sui_rlp" }

dependencies = [
  { name = "Sui" },
]

[move.toolchain-version]
compiler-version = "1.30.1"
edition = "2024.alpha"
flavor = "sui"

[env]

[env.testnet]
chain-id = "4c78adac"
original-published-id = "0xba481bcd34c4c236b1ccda9d8cb549f03a80260d794285f2b2a6798170d8375d"
latest-published-id = "0xba481bcd34c4c236b1ccda9d8cb549f03a80260d794285f2b2a6798170d8375d"
published-version = "1"

[env.mainnet]
chain-id = "35834a8a"
original-published-id = "0x1c53e2304b957a2dc6facccc53d2dd3c2e08066614ea05a5c0af14d72ac496e3"
latest-published-id = "0x2a815e1bb7e88902ae74b95d7a98a5b04d55a7cb282fcf104f9ff2c0465f6976"
published-version = "5"
